
Microsoft Visual Studio Solution File, Format Version 12.00
# Visual Studio Version 17
VisualStudioVersion = 17.7.34024.191
MinimumVisualStudioVersion = 10.0.40219.1
Project("{9A19103F-16F7-4668-BE54-9A1E7A4F7556}") = "ClassroomManagement", "ClassroomManagement\ClassroomManagement.csproj", "{98125CC6-6213-4EA3-B09E-AB057AF52CE5}"
EndProject
Global
	GlobalSection(SolutionConfigurationPlatforms) = preSolution
		Debug|Any CPU = Debug|Any CPU
		Release|Any CPU = Release|Any CPU
	EndGlobalSection
	GlobalSection(ProjectConfigurationPlatforms) = postSolution
		{98125CC6-6213-4EA3-B09E-AB057AF52CE5}.Debug|Any CPU.ActiveCfg = Debug|Any CPU
		{98125CC6-6213-4EA3-B09E-AB057AF52CE5}.Debug|Any CPU.Build.0 = Debug|Any CPU
		{98125CC6-6213-4EA3-B09E-AB057AF52CE5}.Release|Any CPU.ActiveCfg = Release|Any CPU
		{98125CC6-6213-4EA3-B09E-AB057AF52CE5}.Release|Any CPU.Build.0 = Release|Any CPU
	EndGlobalSection
	GlobalSection(SolutionProperties) = preSolution
		HideSolutionNode = FALSE
	EndGlobalSection
	GlobalSection(ExtensibilityGlobals) = postSolution
		SolutionGuid = {4147DD3C-2E40-4470-ACBE-670D6F4902A5}
	EndGlobalSection
EndGlobal
